# THIS IS AN AUTOGENERATED FILE. DO NOT EDIT THIS FILE DIRECTLY.
# yarn lockfile v1


"@stencil/core@^2.0.0":
  version "2.0.3"
  resolved "https://registry.yarnpkg.com/@stencil/core/-/core-2.0.3.tgz#8719d3131362076a35b7a7c865de4720766f3f47"
  integrity sha512-d4qLDN7HKwJEK+ljhknD8azpM4bF49Dv7h5yG3RF+SPo8uozDq3p5ZNj1MgZoRgzh04kXNyG/MKnD8H2QN5YVw==

"@stencil/router@^1.0.1":
  version "1.0.1"
  resolved "https://registry.yarnpkg.com/@stencil/router/-/router-1.0.1.tgz#f95bcc67ef8d832c16a117487a277d4ce2973d2a"
  integrity sha512-ZMholl1BE+glNAc/8pcEb9RYkeH0XETxsJbx6D7f3azTmaTXqKYty1IACP/3BtVjuimpfLdxQJ+J95wKmnYBtA==
  dependencies:
    "@stencil/state-tunnel" "^1.0.1"

"@stencil/state-tunnel@^1.0.1":
  version "1.0.1"
  resolved "https://registry.yarnpkg.com/@stencil/state-tunnel/-/state-tunnel-1.0.1.tgz#21324f494ad719732505c8134099e415ac4c3c81"
  integrity sha512-DYG8uROgL9hkjVTCtCfRBb0d3FwpiFB0muRrNZQ2X1Qo5hxMuNNji76/ILddqeq0AfgkKCW82xrMPDpy+rNIhQ==

"@vime/core@^4.0.0":
  version "4.0.0"
  resolved "https://registry.yarnpkg.com/@vime/core/-/core-4.0.0.tgz#8ead780da52d99c2207f2c0ba672608bd1db621b"
  integrity sha512-2JJIRa/qGxC3n0r6Tc5BZr7RAhq+N636E4QmK9Xq4R4zyukJMVX4j/IOtswWjwSCG6WrA20LkyxNa/ggRGl/ng==
  dependencies:
    stencil-wormhole "^3.2.1"

stencil-wormhole@^3.2.1:
  version "3.2.1"
  resolved "https://registry.yarnpkg.com/stencil-wormhole/-/stencil-wormhole-3.2.1.tgz#1f2766c176fe0f8ebded424502a3ae2f239fa06e"
  integrity sha512-z4vvuR+Pn/KODHbks7u92tUvdfcIzwzPEYwZJ16N9M0TYNFXWQUz0rQCwatZ/VQ8aarQqdFACCw+Q0lEeUk+VQ==
