# THIS IS AN AUTOGENERATED FILE. DO NOT EDIT THIS FILE DIRECTLY.
# yarn lockfile v1


"@stencil/core@^2.0.0":
  version "2.2.0"
  resolved "https://registry.yarnpkg.com/@stencil/core/-/core-2.2.0.tgz#f92b480a387bce688a368b2fb23207f1acd45bc2"
  integrity sha512-2V+DEUs9wvkcgnIIs0huye/M1v7x6qEzeOjp056RQlB08U1I4ex3vnBoE0/CrR35wK3ZZv2JYPOfBUuqR+6AAg==

"@stencil/router@^1.0.1":
  version "1.0.1"
  resolved "https://registry.yarnpkg.com/@stencil/router/-/router-1.0.1.tgz#f95bcc67ef8d832c16a117487a277d4ce2973d2a"
  integrity sha512-ZMholl1BE+glNAc/8pcEb9RYkeH0XETxsJbx6D7f3azTmaTXqKYty1IACP/3BtVjuimpfLdxQJ+J95wKmnYBtA==
  dependencies:
    "@stencil/state-tunnel" "^1.0.1"

"@stencil/state-tunnel@^1.0.1":
  version "1.0.1"
  resolved "https://registry.yarnpkg.com/@stencil/state-tunnel/-/state-tunnel-1.0.1.tgz#21324f494ad719732505c8134099e415ac4c3c81"
  integrity sha512-DYG8uROgL9hkjVTCtCfRBb0d3FwpiFB0muRrNZQ2X1Qo5hxMuNNji76/ILddqeq0AfgkKCW82xrMPDpy+rNIhQ==

"@vime/core@^4.0.0":
  version "4.3.0"
  resolved "https://registry.yarnpkg.com/@vime/core/-/core-4.3.0.tgz#8294d9a1566c10f7fa711b776a81a1e2b1d378e7"
  integrity sha512-/icKb6MxadN+vhPJW9ELOawLjah6NoXlLCkgHvB806tYhgALowWvAHNlR2ZdJRNauyaqAI0QVeXHYgAA4GkIsw==
  dependencies:
    stencil-wormhole "^3.2.2"

stencil-wormhole@^3.2.2:
  version "3.3.2"
  resolved "https://registry.yarnpkg.com/stencil-wormhole/-/stencil-wormhole-3.3.2.tgz#e990654240d05cfaa607ee86fa0657d984924895"
  integrity sha512-1AamOUFu05ul6XZ3qiUIJfKPcvFHyIKmgczFujQ/VQ8UZYhCcRSN02WwaJL7OKB3lXwQKFppVZ2q8R3A/IZKWA==
