# THIS IS AN AUTOGENERATED FILE. DO NOT EDIT THIS FILE DIRECTLY.
# yarn lockfile v1


"@stencil/core@2.2.0":
  version "2.2.0"
  resolved "https://registry.yarnpkg.com/@stencil/core/-/core-2.2.0.tgz#f92b480a387bce688a368b2fb23207f1acd45bc2"
  integrity sha512-2V+DEUs9wvkcgnIIs0huye/M1v7x6qEzeOjp056RQlB08U1I4ex3vnBoE0/CrR35wK3ZZv2JYPOfBUuqR+6AAg==

"@stencil/core@^2.0.0":
  version "2.3.0"
  resolved "https://registry.yarnpkg.com/@stencil/core/-/core-2.3.0.tgz#9190df3a0064537730be1546545e13531d701da8"
  integrity sha512-VZ/Ox0E1kngcmHbJhHUufuLELi+xG3of3LuRI3X2AMWyE82JUVYlOEsQci/YBZWpfc9BS9I36R88prBew22oew==

"@stencil/router@^1.0.1":
  version "1.0.1"
  resolved "https://registry.yarnpkg.com/@stencil/router/-/router-1.0.1.tgz#f95bcc67ef8d832c16a117487a277d4ce2973d2a"
  integrity sha512-ZMholl1BE+glNAc/8pcEb9RYkeH0XETxsJbx6D7f3azTmaTXqKYty1IACP/3BtVjuimpfLdxQJ+J95wKmnYBtA==
  dependencies:
    "@stencil/state-tunnel" "^1.0.1"

"@stencil/state-tunnel@^1.0.1":
  version "1.0.1"
  resolved "https://registry.yarnpkg.com/@stencil/state-tunnel/-/state-tunnel-1.0.1.tgz#21324f494ad719732505c8134099e415ac4c3c81"
  integrity sha512-DYG8uROgL9hkjVTCtCfRBb0d3FwpiFB0muRrNZQ2X1Qo5hxMuNNji76/ILddqeq0AfgkKCW82xrMPDpy+rNIhQ==

"@vime/core@^4.0.0":
  version "4.6.0"
  resolved "https://registry.yarnpkg.com/@vime/core/-/core-4.6.0.tgz#23538c1d721a1950280cfe8bdd47e444bd147c08"
  integrity sha512-lsbEi7sxnGuhs4bKVQnLQ3LFrsC1O58KgCWqfwcr2+N7drWykCgc2uwP8Xo+U2y+1ju8IqNutcrFFlQBm/J6yg==
  dependencies:
    "@stencil/core" "2.2.0"
    stencil-wormhole "^3.2.2"

stencil-wormhole@^3.2.2:
  version "3.4.0"
  resolved "https://registry.yarnpkg.com/stencil-wormhole/-/stencil-wormhole-3.4.0.tgz#7cdcd571a40024dcd1f944e0b18cb6a4630e84d9"
  integrity sha512-TXqH4dUzHtJfWAVF7lU36AyeI3H/0Mj0lFJOPzWxZVb+nDmAsNlu8GUxA7zn4/DgZDNS3eenB8H1pFUkMTkgDw==
