{
  "name": "@vime/vue-next",
  "version": "5.0.22",
  "lockfileVersion": 1,
  "requires": true,
  "dependencies": {
    "@babel/helper-validator-identifier": {
      "version": "7.12.11",
      "resolved": "https://registry.npmjs.org/@babel/helper-validator-identifier/-/helper-validator-identifier-7.12.11.tgz",
      "integrity": "sha512-np/lG3uARFybkoHokJUmf1QfEvRVCPbmQeUQpKow5cQ3xWrV9i3rUHodKDJPQfTVX61qKi+UdYk8kik84n7XOw==",
      "dev": true
    },
    "@babel/parser": {
      "version": "7.12.11",
      "resolved": "https://registry.npmjs.org/@babel/parser/-/parser-7.12.11.tgz",
      "integrity": "sha512-N3UxG+uuF4CMYoNj8AhnbAcJF0PiuJ9KHuy1lQmkYsxTer/MAH9UBNHsBoAX/4s6NvlDD047No8mYVGGzLL4hg==",
      "dev": true
    },
    "@babel/types": {
      "version": "7.12.11",
      "resolved": "https://registry.npmjs.org/@babel/types/-/types-7.12.11.tgz",
      "integrity": "sha512-ukA9SQtKThINm++CX1CwmliMrE54J6nIYB5XTwL5f/CLFW9owfls+YSU8tVW15RQ2w+a3fSbPjC6HdQNtWZkiA==",
      "dev": true,
      "requires": {
        "@babel/helper-validator-identifier": "^7.12.11",
        "lodash": "^4.17.19",
        "to-fast-properties": "^2.0.0"
      }
    },
    "@stencil/core": {
      "version": "2.3.0",
      "resolved": "https://registry.npmjs.org/@stencil/core/-/core-2.3.0.tgz",
      "integrity": "sha512-VZ/Ox0E1kngcmHbJhHUufuLELi+xG3of3LuRI3X2AMWyE82JUVYlOEsQci/YBZWpfc9BS9I36R88prBew22oew=="
    },
    "@vime/core": {
      "version": "5.0.21",
      "resolved": "https://registry.npmjs.org/@vime/core/-/core-5.0.21.tgz",
      "integrity": "sha512-p1upT7WqiwfMQ2iUYqb9FPVMBCFV8QnLmsZ+Ns7FsiurcTrdl5kk16/SkhdCvq/G1j0qjEkwTOLHe1xg2w8BYg==",
      "requires": {
        "@stencil/core": "^2.2.0",
        "stencil-wormhole": "^3.2.2"
      }
    },
    "@vue/compiler-core": {
      "version": "3.0.4",
      "resolved": "https://registry.npmjs.org/@vue/compiler-core/-/compiler-core-3.0.4.tgz",
      "integrity": "sha512-snpMICsbWTZqBFnPB03qr4DtiSxVYfDF3DvbDSkN9Z9NTM8Chl8E/lYhKBSsvauq91DAWAh8PU3lr9vrLyQsug==",
      "dev": true,
      "requires": {
        "@babel/parser": "^7.12.0",
        "@babel/types": "^7.12.0",
        "@vue/shared": "3.0.4",
        "estree-walker": "^2.0.1",
        "source-map": "^0.6.1"
      }
    },
    "@vue/compiler-dom": {
      "version": "3.0.4",
      "resolved": "https://registry.npmjs.org/@vue/compiler-dom/-/compiler-dom-3.0.4.tgz",
      "integrity": "sha512-FOxbHBIkkGjYQeTz1DlXQjS1Ms8EPXQWsdTdTPeohoS0KzCz6RiOjiAG+jLtMi6Nr5GX2h0TlCvcnI8mcsicFQ==",
      "dev": true,
      "requires": {
        "@vue/compiler-core": "3.0.4",
        "@vue/shared": "3.0.4"
      }
    },
    "@vue/reactivity": {
      "version": "3.0.4",
      "resolved": "https://registry.npmjs.org/@vue/reactivity/-/reactivity-3.0.4.tgz",
      "integrity": "sha512-AFTABrLhUYZY2on3ea9FxeXal7w3f6qIp9gT+/oG93H7dFTL5LvVnxygCopv7tvkIl/GSGQb/yK1D1gmXx1Pww==",
      "dev": true,
      "requires": {
        "@vue/shared": "3.0.4"
      }
    },
    "@vue/runtime-core": {
      "version": "3.0.4",
      "resolved": "https://registry.npmjs.org/@vue/runtime-core/-/runtime-core-3.0.4.tgz",
      "integrity": "sha512-qH9e4kqU7b3u1JewvLmGmoAGY+mnuBqz7aEKb2mhpEgwa1yFv496BRuUfMXXMCix3+TndUVMJ8jt41FSdNppwg==",
      "dev": true,
      "requires": {
        "@vue/reactivity": "3.0.4",
        "@vue/shared": "3.0.4"
      }
    },
    "@vue/runtime-dom": {
      "version": "3.0.4",
      "resolved": "https://registry.npmjs.org/@vue/runtime-dom/-/runtime-dom-3.0.4.tgz",
      "integrity": "sha512-BGIoiTSESzWUhN0Ofi2X/q+HN8f6IUFmUEyyBGKbmx7DTAJNZhFfjqsepfXQrM5IGeTfJLB1ZEVyroDQJNXq3g==",
      "dev": true,
      "requires": {
        "@vue/runtime-core": "3.0.4",
        "@vue/shared": "3.0.4",
        "csstype": "^2.6.8"
      }
    },
    "@vue/shared": {
      "version": "3.0.4",
      "resolved": "https://registry.npmjs.org/@vue/shared/-/shared-3.0.4.tgz",
      "integrity": "sha512-Swfbz31AaMX48CpFl+YmIrqOH9MgJMTrltG9e26A4ZxYx9LjGuMV+41WnxFzS3Bc9nbrc6sDPM37G6nIT8NJSg==",
      "dev": true
    },
    "balanced-match": {
      "version": "1.0.0",
      "resolved": "https://registry.npmjs.org/balanced-match/-/balanced-match-1.0.0.tgz",
      "integrity": "sha1-ibTRmasr7kneFk6gK4nORi1xt2c=",
      "dev": true
    },
    "brace-expansion": {
      "version": "1.1.11",
      "resolved": "https://registry.npmjs.org/brace-expansion/-/brace-expansion-1.1.11.tgz",
      "integrity": "sha512-iCuPHDFgrHX7H2vEI/5xpz07zSHB00TpugqhmYtVmMO6518mCuRMoOYFldEBl0g187ufozdaHgWKcYFb61qGiA==",
      "dev": true,
      "requires": {
        "balanced-match": "^1.0.0",
        "concat-map": "0.0.1"
      }
    },
    "concat-map": {
      "version": "0.0.1",
      "resolved": "https://registry.npmjs.org/concat-map/-/concat-map-0.0.1.tgz",
      "integrity": "sha1-2Klr13/Wjfd5OnMDajug1UBdR3s=",
      "dev": true
    },
    "csstype": {
      "version": "2.6.14",
      "resolved": "https://registry.npmjs.org/csstype/-/csstype-2.6.14.tgz",
      "integrity": "sha512-2mSc+VEpGPblzAxyeR+vZhJKgYg0Og0nnRi7pmRXFYYxSfnOnW8A5wwQb4n4cE2nIOzqKOAzLCaEX6aBmNEv8A==",
      "dev": true
    },
    "estree-walker": {
      "version": "2.0.2",
      "resolved": "https://registry.npmjs.org/estree-walker/-/estree-walker-2.0.2.tgz",
      "integrity": "sha512-Rfkk/Mp/DL7JVje3u18FxFujQlTNR2q6QfMSMB7AvCBx91NGj/ba3kCfza0f6dVDbw7YlRf/nDrn7pQrCCyQ/w==",
      "dev": true
    },
    "fs.realpath": {
      "version": "1.0.0",
      "resolved": "https://registry.npmjs.org/fs.realpath/-/fs.realpath-1.0.0.tgz",
      "integrity": "sha1-FQStJSMVjKpA20onh8sBQRmU6k8=",
      "dev": true
    },
    "glob": {
      "version": "7.1.6",
      "resolved": "https://registry.npmjs.org/glob/-/glob-7.1.6.tgz",
      "integrity": "sha512-LwaxwyZ72Lk7vZINtNNrywX0ZuLyStrdDtabefZKAY5ZGJhVtgdznluResxNmPitE0SAO+O26sWTHeKSI2wMBA==",
      "dev": true,
      "requires": {
        "fs.realpath": "^1.0.0",
        "inflight": "^1.0.4",
        "inherits": "2",
        "minimatch": "^3.0.4",
        "once": "^1.3.0",
        "path-is-absolute": "^1.0.0"
      }
    },
    "inflight": {
      "version": "1.0.6",
      "resolved": "https://registry.npmjs.org/inflight/-/inflight-1.0.6.tgz",
      "integrity": "sha1-Sb1jMdfQLQwJvJEKEHW6gWW1bfk=",
      "dev": true,
      "requires": {
        "once": "^1.3.0",
        "wrappy": "1"
      }
    },
    "inherits": {
      "version": "2.0.4",
      "resolved": "https://registry.npmjs.org/inherits/-/inherits-2.0.4.tgz",
      "integrity": "sha512-k/vGaX4/Yla3WzyMCvTQOXYeIHvqOKtnqBduzTHpzpQZzAskKMhZ2K+EnBiSM9zGSoIFeMpXKxa4dYeZIQqewQ==",
      "dev": true
    },
    "lodash": {
      "version": "4.17.20",
      "resolved": "https://registry.npmjs.org/lodash/-/lodash-4.17.20.tgz",
      "integrity": "sha512-PlhdFcillOINfeV7Ni6oF1TAEayyZBoZ8bcshTHqOYJYlrqzRK5hagpagky5o4HfCzzd1TRkXPMFq6cKk9rGmA==",
      "dev": true
    },
    "minimatch": {
      "version": "3.0.4",
      "resolved": "https://registry.npmjs.org/minimatch/-/minimatch-3.0.4.tgz",
      "integrity": "sha512-yJHVQEhyqPLUTgt9B83PXu6W3rx4MvvHvSUvToogpwoGDOUQ+yDrR0HRot+yOCdCO7u4hX3pWft6kWBBcqh0UA==",
      "dev": true,
      "requires": {
        "brace-expansion": "^1.1.7"
      }
    },
    "once": {
      "version": "1.4.0",
      "resolved": "https://registry.npmjs.org/once/-/once-1.4.0.tgz",
      "integrity": "sha1-WDsap3WWHUsROsF9nFC6753Xa9E=",
      "dev": true,
      "requires": {
        "wrappy": "1"
      }
    },
    "path-is-absolute": {
      "version": "1.0.1",
      "resolved": "https://registry.npmjs.org/path-is-absolute/-/path-is-absolute-1.0.1.tgz",
      "integrity": "sha1-F0uSaHNVNP+8es5r9TpanhtcX18=",
      "dev": true
    },
    "rimraf": {
      "version": "3.0.2",
      "resolved": "https://registry.npmjs.org/rimraf/-/rimraf-3.0.2.tgz",
      "integrity": "sha512-JZkJMZkAGFFPP2YqXZXPbMlMBgsxzE8ILs4lMIX/2o0L9UBw9O/Y3o6wFw/i9YLapcUJWwqbi3kdxIPdC62TIA==",
      "dev": true,
      "requires": {
        "glob": "^7.1.3"
      }
    },
    "source-map": {
      "version": "0.6.1",
      "resolved": "https://registry.npmjs.org/source-map/-/source-map-0.6.1.tgz",
      "integrity": "sha512-UjgapumWlbMhkBgzT7Ykc5YXUT46F0iKu8SGXq0bcwP5dz/h0Plj6enJqjz1Zbq2l5WaqYnrVbwWOWMyF3F47g==",
      "dev": true
    },
    "stencil-wormhole": {
      "version": "3.4.0",
      "resolved": "https://registry.npmjs.org/stencil-wormhole/-/stencil-wormhole-3.4.0.tgz",
      "integrity": "sha512-TXqH4dUzHtJfWAVF7lU36AyeI3H/0Mj0lFJOPzWxZVb+nDmAsNlu8GUxA7zn4/DgZDNS3eenB8H1pFUkMTkgDw=="
    },
    "to-fast-properties": {
      "version": "2.0.0",
      "resolved": "https://registry.npmjs.org/to-fast-properties/-/to-fast-properties-2.0.0.tgz",
      "integrity": "sha1-3F5pjL0HkmW8c+A3doGk5Og/YW4=",
      "dev": true
    },
    "typescript": {
      "version": "4.1.3",
      "resolved": "https://registry.npmjs.org/typescript/-/typescript-4.1.3.tgz",
      "integrity": "sha512-B3ZIOf1IKeH2ixgHhj6la6xdwR9QrLC5d1VKeCSY4tvkqhF2eqd9O7txNlS0PO3GrBAFIdr3L1ndNwteUbZLYg==",
      "dev": true
    },
    "vue": {
      "version": "3.0.4",
      "resolved": "https://registry.npmjs.org/vue/-/vue-3.0.4.tgz",
      "integrity": "sha512-2o+AiQF8sAupyhbyl3oxVCl3WCwC/n5NI7VMM+gVQ231qvSB8eI7sCBloloqDJK6yA367EEtmRSeSCf4sxCC+A==",
      "dev": true,
      "requires": {
        "@vue/compiler-dom": "3.0.4",
        "@vue/runtime-dom": "3.0.4",
        "@vue/shared": "3.0.4"
      }
    },
    "wrappy": {
      "version": "1.0.2",
      "resolved": "https://registry.npmjs.org/wrappy/-/wrappy-1.0.2.tgz",
      "integrity": "sha1-tSQ9jz7BqjXxNkYFvA0QNuMKtp8=",
      "dev": true
    }
  }
}
